{
    "_readme": [
        "This file locks the dependencies of your project to a known state",
        "Read more about it at https://getcomposer.org/doc/01-basic-usage.md#installing-dependencies",
        "This file is @generated automatically"
    ],
    "content-hash": "539dd9601294c87762ece68fb86b76ed",
    "packages": [
        {
            "name": "php-extended/php-simple-cache-filesystem",
            "version": "dev-master",
            "source": {
                "type": "git",
                "url": "https://gitlab.com/php-extended/php-simple-cache-filesystem.git",
                "reference": "478252a45a39fdb7752312829f66062edb8e22fa"
            },
            "dist": {
                "type": "zip",
                "url": "https://gitlab.com/api/v4/projects/php-extended%2Fphp-simple-cache-filesystem/repository/archive.zip?sha=478252a45a39fdb7752312829f66062edb8e22fa",
                "reference": "478252a45a39fdb7752312829f66062edb8e22fa",
                "shasum": ""
            },
            "require": {
                "php": ">=7.1",
                "php-extended/polyfill-php80-stringable": "^1",
                "psr/simple-cache": "^1"
            },
            "provide": {
                "psr/simple-cache-implementation": "^1"
            },
            "require-dev": {
                "phpunit/phpunit": "^7 || ^8"
            },
            "default-branch": true,
            "type": "library",
            "autoload": {
                "psr-4": {
                    "PhpExtended\\SimpleCache\\": "src"
                }
            },
            "notification-url": "https://packagist.org/downloads/",
            "license": [
                "MIT"
            ],
            "authors": [
                {
                    "name": "Anastaszor",
                    "homepage": "https://gitlab.com/Anastaszor",
                    "role": "developer"
                }
            ],
            "description": "A psr-16 compliant cache that uses filesystems to store cache data.",
            "homepage": "https://gitlab.com/php-extended/php-simple-cache-filesystem",
            "keywords": [
                "Simple",
                "cache",
                "filesystem",
                "php",
                "psr-16"
            ],
            "support": {
                "issues": "https://gitlab.com/php-extended/php-simple-cache-filesystem/issues",
                "source": "https://gitlab.com/php-extended/php-simple-cache-filesystem"
            },
            "time": "2020-11-22T15:11:10+00:00"
        },
        {
            "name": "php-extended/polyfill-php80-stringable",
            "version": "1.0.8",
            "source": {
                "type": "git",
                "url": "https://gitlab.com/php-extended/polyfill-php80-stringable.git",
                "reference": "83e2806fabe6d3f8bf21d0d115629df3399c3f54"
            },
            "dist": {
                "type": "zip",
                "url": "https://gitlab.com/api/v4/projects/php-extended%2Fpolyfill-php80-stringable/repository/archive.zip?sha=83e2806fabe6d3f8bf21d0d115629df3399c3f54",
                "reference": "83e2806fabe6d3f8bf21d0d115629df3399c3f54",
                "shasum": ""
            },
            "require": {
                "php": ">=7.0"
            },
            "type": "library",
            "autoload": {
                "classmap": [
                    "src/"
                ]
            },
            "notification-url": "https://packagist.org/downloads/",
            "license": [
                "MIT"
            ],
            "authors": [
                {
                    "name": "Anastaszor",
                    "homepage": "https://gitlab.com/Anastaszor",
                    "role": "developer"
                }
            ],
            "description": "A polyfill that adds the stringable interface added in php8.0 to previous versions of php",
            "homepage": "https://gitlab.com/php-extended/polyfill-php80-stringable",
            "keywords": [
                "php",
                "php8",
                "polyfill",
                "stringable"
            ],
            "support": {
                "issues": "https://gitlab.com/php-extended/polyfill-php80-stringable/issues",
                "source": "https://gitlab.com/php-extended/polyfill-php80-stringable"
            },
            "time": "2020-11-22T09:58:51+00:00"
        },
        {
            "name": "psr/simple-cache",
            "version": "dev-master",
            "source": {
                "type": "git",
                "url": "https://github.com/php-fig/simple-cache.git",
                "reference": "5a7b96b1dda5d957e01bc1bfe77dcca09c5a7474"
            },
            "dist": {
                "type": "zip",
                "url": "https://api.github.com/repos/php-fig/simple-cache/zipball/5a7b96b1dda5d957e01bc1bfe77dcca09c5a7474",
                "reference": "5a7b96b1dda5d957e01bc1bfe77dcca09c5a7474",
                "shasum": ""
            },
            "require": {
                "php": ">=5.3.0"
            },
            "default-branch": true,
            "type": "library",
            "extra": {
                "branch-alias": {
                    "dev-master": "1.0.x-dev"
                }
            },
            "autoload": {
                "psr-4": {
                    "Psr\\SimpleCache\\": "src/"
                }
            },
            "notification-url": "https://packagist.org/downloads/",
            "license": [
                "MIT"
            ],
            "authors": [
                {
                    "name": "PHP-FIG",
                    "homepage": "http://www.php-fig.org/"
                }
            ],
            "description": "Common interfaces for simple caching",
            "keywords": [
                "cache",
                "caching",
                "psr",
                "psr-16",
                "simple-cache"
            ],
            "support": {
                "source": "https://github.com/php-fig/simple-cache/tree/master"
            },
            "time": "2020-04-21T06:43:17+00:00"
        }
    ],
    "packages-dev": [],
    "aliases": [],
    "minimum-stability": "dev",
    "stability-flags": {
        "php-extended/php-simple-cache-filesystem": 20
    },
    "prefer-stable": false,
    "prefer-lowest": false,
    "platform": [],
    "platform-dev": [],
    "plugin-api-version": "2.0.0"
}
